<Solution>
  <Project Path="src/Domain/Domain.csproj" />
  <Project Path="src/App/App.csproj" />
  <Project Path="src/Infrastructure/Config/Config.csproj" />
  <Project Path="tests/E2ETests/E2ETests.csproj" />
  <Project Path="src/Vision/EmotionAnalysis/EmotionAnalysis.csproj" />
  <Project Path="src/Vision/AgeAnalysis/AgeAnalysis.csproj" />
  <Project Path="src/Vision/GenderAnalysis/GenderAnalysis.csproj" />
  <Project Path="src/Vision/FaceDetection/FaceDetection.csproj" />
  <Project Path="src/Vision/FaceAttributes/FaceAttributes.csproj" />
  <Project Path="src/Vision/FaceLandmarks/FaceLandmarks.csproj" />
  <Project Path="src/Audio/AudioProcessing/AudioProcessing.csproj" />
  <Project Path="src/Speaker/SpeakerDetection.csproj" />
  <Project Path="src/Audio/SpeakerDiarization/SpeakerDiarization.csproj" />
  <Project Path="src/Analytics/MeetingAnalytics.csproj" />
  <Project Path="src/Speech/SpeechProcessing.csproj" />
  <Project Path="src/Vision/FaceRecognition/FaceRecognition.csproj" />
  <Project Path="src/Vision/FaceTracking/FaceTracking.csproj" />
  <Project Path="src/Pipeline/FramePipeline.csproj" />
  <Project Path="src/Identity/IdentityStore.csproj" />
  <Project Path="src/Infrastructure/Logging/Logging.csproj" />
  <Project Path="src/Overlay/OverlayRenderer.csproj" />
  <Project Path="src/VisionEngine/VisionEngine.csproj" />
  <Project Path="src/Capture/WindowCapture.csproj" />
</Solution>
